
Microsoft Visual Studio Solution File, Format Version 11.00
# Visual Studio 2010
Project("{FAE04EC0-301F-11D3-BF4B-00C04F79EFBC}") = "Game Character Settings", "Game Character Settings\Game Character Settings.csproj", "{3E1762EA-6119-4EE8-8ABB-24A1DDC57A67}"
EndProject
Project("{FAE04EC0-301F-11D3-BF4B-00C04F79EFBC}") = "FlexibleUnit", "FlexibleAttribute\FlexibleUnit.csproj", "{426B6350-43A6-4ED6-B72E-C59C128CBEBA}"
EndProject
Project("{FAE04EC0-301F-11D3-BF4B-00C04F79EFBC}") = "GameUnit", "GameUnit\GameUnit.csproj", "{937A53F3-F55F-4166-BBC8-B62B987D8761}"
EndProject
Global
	GlobalSection(SolutionConfigurationPlatforms) = preSolution
		Debug|Any CPU = Debug|Any CPU
		Debug|Mixed Platforms = Debug|Mixed Platforms
		Debug|x86 = Debug|x86
		Release|Any CPU = Release|Any CPU
		Release|Mixed Platforms = Release|Mixed Platforms
		Release|x86 = Release|x86
	EndGlobalSection
	GlobalSection(ProjectConfigurationPlatforms) = postSolution
		{3E1762EA-6119-4EE8-8ABB-24A1DDC57A67}.Debug|Any CPU.ActiveCfg = Debug|x86
		{3E1762EA-6119-4EE8-8ABB-24A1DDC57A67}.Debug|Mixed Platforms.ActiveCfg = Debug|x86
		{3E1762EA-6119-4EE8-8ABB-24A1DDC57A67}.Debug|Mixed Platforms.Build.0 = Debug|x86
		{3E1762EA-6119-4EE8-8ABB-24A1DDC57A67}.Debug|x86.ActiveCfg = Debug|x86
		{3E1762EA-6119-4EE8-8ABB-24A1DDC57A67}.Debug|x86.Build.0 = Debug|x86
		{3E1762EA-6119-4EE8-8ABB-24A1DDC57A67}.Release|Any CPU.ActiveCfg = Release|x86
		{3E1762EA-6119-4EE8-8ABB-24A1DDC57A67}.Release|Mixed Platforms.ActiveCfg = Release|x86
		{3E1762EA-6119-4EE8-8ABB-24A1DDC57A67}.Release|Mixed Platforms.Build.0 = Release|x86
		{3E1762EA-6119-4EE8-8ABB-24A1DDC57A67}.Release|x86.ActiveCfg = Release|x86
		{3E1762EA-6119-4EE8-8ABB-24A1DDC57A67}.Release|x86.Build.0 = Release|x86
		{426B6350-43A6-4ED6-B72E-C59C128CBEBA}.Debug|Any CPU.ActiveCfg = Debug|Any CPU
		{426B6350-43A6-4ED6-B72E-C59C128CBEBA}.Debug|Any CPU.Build.0 = Debug|Any CPU
		{426B6350-43A6-4ED6-B72E-C59C128CBEBA}.Debug|Mixed Platforms.ActiveCfg = Debug|Any CPU
		{426B6350-43A6-4ED6-B72E-C59C128CBEBA}.Debug|Mixed Platforms.Build.0 = Debug|Any CPU
		{426B6350-43A6-4ED6-B72E-C59C128CBEBA}.Debug|x86.ActiveCfg = Debug|Any CPU
		{426B6350-43A6-4ED6-B72E-C59C128CBEBA}.Release|Any CPU.ActiveCfg = Release|Any CPU
		{426B6350-43A6-4ED6-B72E-C59C128CBEBA}.Release|Any CPU.Build.0 = Release|Any CPU
		{426B6350-43A6-4ED6-B72E-C59C128CBEBA}.Release|Mixed Platforms.ActiveCfg = Release|Any CPU
		{426B6350-43A6-4ED6-B72E-C59C128CBEBA}.Release|Mixed Platforms.Build.0 = Release|Any CPU
		{426B6350-43A6-4ED6-B72E-C59C128CBEBA}.Release|x86.ActiveCfg = Release|Any CPU
		{937A53F3-F55F-4166-BBC8-B62B987D8761}.Debug|Any CPU.ActiveCfg = Debug|Any CPU
		{937A53F3-F55F-4166-BBC8-B62B987D8761}.Debug|Any CPU.Build.0 = Debug|Any CPU
		{937A53F3-F55F-4166-BBC8-B62B987D8761}.Debug|Mixed Platforms.ActiveCfg = Debug|Any CPU
		{937A53F3-F55F-4166-BBC8-B62B987D8761}.Debug|Mixed Platforms.Build.0 = Debug|Any CPU
		{937A53F3-F55F-4166-BBC8-B62B987D8761}.Debug|x86.ActiveCfg = Debug|Any CPU
		{937A53F3-F55F-4166-BBC8-B62B987D8761}.Release|Any CPU.ActiveCfg = Release|Any CPU
		{937A53F3-F55F-4166-BBC8-B62B987D8761}.Release|Any CPU.Build.0 = Release|Any CPU
		{937A53F3-F55F-4166-BBC8-B62B987D8761}.Release|Mixed Platforms.ActiveCfg = Release|Any CPU
		{937A53F3-F55F-4166-BBC8-B62B987D8761}.Release|Mixed Platforms.Build.0 = Release|Any CPU
		{937A53F3-F55F-4166-BBC8-B62B987D8761}.Release|x86.ActiveCfg = Release|Any CPU
	EndGlobalSection
	GlobalSection(SolutionProperties) = preSolution
		HideSolutionNode = FALSE
	EndGlobalSection
EndGlobal
